bazil.org/fuse v0.0.0-20230120002735-62a210ff1fd5 h1:A0NsYy4lDBZAC6QiYeJ4N+XuHIKBpyhAVRMHRQZKTeQ=
bazil.org/fuse v0.0.0-20230120002735-62a210ff1fd5/go.mod h1:gG3RZAMXCa/OTes6rr9EwusmR1OH1tDDy+cg9c5YliY=
cloud.google.com/go/auth v0.13.0 h1:8Fu8TZy167JkW8Tj3q7dIkr2v4cndv41ouecJx0PAHs=
cloud.google.com/go/auth v0.13.0/go.mod h1:COOjD9gwfKNKz+IIduatIhYJQIc0mG3H102r/EMxX6Q=
cloud.google.com/go/auth/oauth2adapt v0.2.6 h1:V6a6XDu2lTwPZWOawrAa9HUK+DB2zfJyTuciBG5hFkU=
cloud.google.com/go/auth/oauth2adapt v0.2.6/go.mod h1:AlmsELtlEBnaNTL7jCj8VQFLy6mbZv0s4Q7NGBeQ5E8=
cloud.google.com/go/compute/metadata v0.6.0 h1:A6hENjEsCDtC1k8byVsgwvVcioamEHvZ4j01OwKxG9I=
cloud.google.com/go/compute/metadata v0.6.0/go.mod h1:FjyFAW1MW0C203CEOMDTu3Dk1FlqW3Rga40jzHL4hfg=
github.com/Azure/azure-sdk-for-go/sdk/azcore v1.17.0 h1:g0EZJwz7xkXQiZAI5xi9f3WWFYBlX1CPTrR+NDToRkQ=
github.com/Azure/azure-sdk-for-go/sdk/azcore v1.17.0/go.mod h1:XCW7KnZet0Opnr7HccfUw1PLc4CjHqpcaxW8DHklNkQ=
github.com/Azure/azure-sdk-for-go/sdk/azidentity v1.8.0 h1:B/dfvscEQtew9dVuoxqxrUKKv8Ih2f55PydknDamU+g=
github.com/Azure/azure-sdk-for-go/sdk/azidentity v1.8.0/go.mod h1:fiPSssYvltE08HJchL04dOy+RD4hgrjph0cwGGMntdI=
github.com/Azure/azure-sdk-for-go/sdk/internal v1.10.0 h1:ywEEhmNahHBihViHepv3xPBn1663uRv2t2q/ESv9seY=
github.com/Azure/azure-sdk-for-go/sdk/internal v1.10.0/go.mod h1:iZDifYGJTIgIIkYRNWPENUnqx6bJ2xnSDFI2tjwZNuY=
github.com/Azure/azure-sdk-for-go/sdk/storage/azblob v1.5.0 h1:mlmW46Q0B79I+Aj4azKC6xDMFN9a9SyZWESlGWYXbFs=
github.com/Azure/azure-sdk-for-go/sdk/storage/azblob v1.5.0/go.mod h1:PXe2h+LKcWTX9afWdZoHyODqR4fBa5boUM/8uJfZ0Jo=
github.com/Azure/azure-sdk-for-go/sdk/storage/azfile v1.4.0 h1:mJVYrRyo7/ISs3MLMHphqssqbS1vLJ3uiwo1+fY8OUQ=
github.com/Azure/azure-sdk-for-go/sdk/storage/azfile v1.4.0/go.mod h1:QXy84HaR0FHLPWaGQDBrZZbdCPTshwGl3gQ64uR/Zrc=
github.com/Azure/go-ntlmssp v0.0.0-20221128193559-754e69321358 h1:mFRzDkZVAjdal+s7s0MwaRv9igoPqLRdzOLzw/8Xvq8=
github.com/Azure/go-ntlmssp v0.0.0-20221128193559-754e69321358/go.mod h1:chxPXzSsl7ZWRAuOIE23GDNzjWuZquvFlgA8xmpunjU=
github.com/AzureAD/microsoft-authentication-library-for-go v1.2.2 h1:XHOnouVk1mxXfQidrMEnLlPk9UMeRtyBTnEFtxkV0kU=
github.com/AzureAD/microsoft-authentication-library-for-go v1.2.2/go.mod h1:wP83P5OoQ5p6ip3ScPr0BAq0BvuPAvacpEuSzyouqAI=
github.com/Files-com/files-sdk-go/v3 v3.2.107 h1:TRDGQGYANuuMxX8JU++oQKEGitJpKWC1EB0SbNXRVqI=
github.com/Files-com/files-sdk-go/v3 v3.2.107/go.mod h1:Y/bCHoPJNPKz2hw1ADXjQXJP378HODwK+g/5SR2gqfU=
github.com/Max-Sum/base32768 v0.0.0-20230304063302-18e6ce5945fd h1:nzE1YQBdx1bq9IlZinHa+HVffy+NmVRoKr+wHN8fpLE=
github.com/Max-Sum/base32768 v0.0.0-20230304063302-18e6ce5945fd/go.mod h1:C8yoIfvESpM3GD07OCHU7fqI7lhwyZ2Td1rbNbTAhnc=
github.com/Microsoft/go-winio v0.6.1 h1:9/kr64B9VUZrLm5YYwbGtUJnMgqWVOdUAXu6Migciow=
github.com/Microsoft/go-winio v0.6.1/go.mod h1:LRdKpFKfdobln8UmuiYcKPot9D2v6svN5+sAH+4kjUM=
github.com/ProtonMail/bcrypt v0.0.0-20211005172633-e235017c1baf h1:yc9daCCYUefEs69zUkSzubzjBbL+cmOXgnmt9Fyd9ug=
github.com/ProtonMail/bcrypt v0.0.0-20211005172633-e235017c1baf/go.mod h1:o0ESU9p83twszAU8LBeJKFAAMX14tISa0yk4Oo5TOqo=
github.com/ProtonMail/gluon v0.17.1-0.20230724134000-308be39be96e h1:lCsqUUACrcMC83lg5rTo9Y0PnPItE61JSfvMyIcANwk=
github.com/ProtonMail/gluon v0.17.1-0.20230724134000-308be39be96e/go.mod h1:Og5/Dz1MiGpCJn51XujZwxiLG7WzvvjE5PRpZBQmAHo=
github.com/ProtonMail/go-crypto v1.1.4 h1:G5U5asvD5N/6/36oIw3k2bOfBn5XVcZrb7PBjzzKKoE=
github.com/ProtonMail/go-crypto v1.1.4/go.mod h1:rA3QumHc/FZ8pAHreoekgiAbzpNsfQAosU5td4SnOrE=
github.com/ProtonMail/go-mime v0.0.0-20230322103455-7d82a3887f2f h1:tCbYj7/299ekTTXpdwKYF8eBlsYsDVoggDAuAjoK66k=
github.com/ProtonMail/go-mime v0.0.0-20230322103455-7d82a3887f2f/go.mod h1:gcr0kNtGBqin9zDW9GOHcVntrwnjrK+qdJ06mWYBybw=
github.com/ProtonMail/go-srp v0.0.7 h1:Sos3Qk+th4tQR64vsxGIxYpN3rdnG9Wf9K4ZloC1JrI=
github.com/ProtonMail/go-srp v0.0.7/go.mod h1:giCp+7qRnMIcCvI6V6U3S1lDDXDQYx2ewJ6F/9wdlJk=
github.com/ProtonMail/gopenpgp/v2 v2.7.4 h1:Vz/8+HViFFnf2A6XX8JOvZMrA6F5puwNvvF21O1mRlo=
github.com/ProtonMail/gopenpgp/v2 v2.7.4/go.mod h1:IhkNEDaxec6NyzSI0PlxapinnwPVIESk8/76da3Ct3g=
github.com/PuerkitoBio/goquery v1.8.1 h1:uQxhNlArOIdbrH1tr0UXwdVFgDcZDrZVdcpygAcwmWM=
github.com/PuerkitoBio/goquery v1.8.1/go.mod h1:Q8ICL1kNUJ2sXGoAhPGUdYDJvgQgHzJsnnd3H7Ho5jQ=
github.com/a8m/tree v0.0.0-20240104212747-2c8764a5f17e h1:KMVieI1/Ub++GYfnhyFPoGE3g5TUiG4srE3TMGr5nM4=
github.com/a8m/tree v0.0.0-20240104212747-2c8764a5f17e/go.mod h1:j5astEcUkZQX8lK+KKlQ3NRQ50f4EE8ZjyZpCz3mrH4=
github.com/aalpar/deheap v0.0.0-20210914013432-0cc84d79dec3 h1:hhdWprfSpFbN7lz3W1gM40vOgvSh1WCSMxYD6gGB4Hs=
github.com/aalpar/deheap v0.0.0-20210914013432-0cc84d79dec3/go.mod h1:XaUnRxSCYgL3kkgX0QHIV0D+znljPIDImxlv2kbGv0Y=
github.com/abbot/go-http-auth v0.4.0 h1:QjmvZ5gSC7jm3Zg54DqWE/T5m1t2AfDu6QlXJT0EVT0=
github.com/abbot/go-http-auth v0.4.0/go.mod h1:Cz6ARTIzApMJDzh5bRMSUou6UMSp0IEXg9km/ci7TJM=
github.com/akavel/rsrc v0.10.2/go.mod h1:uLoCtb9J+EyAqh+26kdrTgmzRBFPGOolLWKpdxkKq+c=
github.com/anacrolix/dms v1.7.1 h1:XVOpT3eoO5Ds34B1X+TE3R2ApfqGGeqotEoCVNP8BaI=
github.com/anacrolix/dms v1.7.1/go.mod h1:excFJW5MKBhn5yt5ZMyeE9iFVqnO6tEGQl7YG/2tUoQ=
github.com/anacrolix/generics v0.0.1 h1:4WVhK6iLb3UAAAQP6I3uYlMOHcp9FqJC9j4n81Wv9Ks=
github.com/anacrolix/generics v0.0.1/go.mod h1:ff2rHB/joTV03aMSSn/AZNnaIpUw0h3njetGsaXcMy8=
github.com/anacrolix/log v0.16.0 h1:DSuyb5kAJwl3Y0X1TRcStVrTS9ST9b0BHW+7neE4Xho=
github.com/anacrolix/log v0.16.0/go.mod h1:m0poRtlr41mriZlXBQ9SOVZ8yZBkLjOkDhd5Li5pITA=
github.com/andybalholm/cascadia v1.3.2 h1:3Xi6Dw5lHF15JtdcmAHD3i1+T8plmv7BQ/nsViSLyss=
github.com/andybalholm/cascadia v1.3.2/go.mod h1:7gtRlve5FxPPgIgX36uWBX58OdBsSS6lUvCFb+h7KvU=
github.com/appscode/go-querystring v0.0.0-20170504095604-0126cfb3f1dc h1:LoL75er+LKDHDUfU5tRvFwxH0LjPpZN8OoG8Ll+liGU=
github.com/appscode/go-querystring v0.0.0-20170504095604-0126cfb3f1dc/go.mod h1:w648aMHEgFYS6xb0KVMMtZ2uMeemhiKCuD2vj6gY52A=
github.com/atotto/clipboard v0.1.4 h1:EH0zSVneZPSuFR11BlR9YppQTVDbh5+16AmcJi4g1z4=
github.com/atotto/clipboard v0.1.4/go.mod h1:ZY9tmq7sm5xIbd9bOK4onWV4S6X0u6GY7Vn0Yu86PYI=
github.com/aws/aws-sdk-go-v2 v1.32.8 h1:cZV+NUS/eGxKXMtmyhtYPJ7Z4YLoI/V8bkTdRZfYhGo=
github.com/aws/aws-sdk-go-v2 v1.32.8/go.mod h1:P5WJBrYqqbWVaOxgH0X/FYYD47/nooaPOZPlQdmiN2U=
github.com/aws/aws-sdk-go-v2/aws/protocol/eventstream v1.6.7 h1:lL7IfaFzngfx0ZwUGOZdsFFnQ5uLvR0hWqqhyE7Q9M8=
github.com/aws/aws-sdk-go-v2/aws/protocol/eventstream v1.6.7/go.mod h1:QraP0UcVlQJsmHfioCrveWOC1nbiWUl3ej08h4mXWoc=
github.com/aws/aws-sdk-go-v2/config v1.28.10 h1:fKODZHfqQu06pCzR69KJ3GuttraRJkhlC8g80RZ0Dfg=
github.com/aws/aws-sdk-go-v2/config v1.28.10/go.mod h1:PvdxRYZ5Um9QMq9PQ0zHHNdtKK+he2NHtFCUFMXWXeg=
github.com/aws/aws-sdk-go-v2/credentials v1.17.51 h1:F/9Sm6Y6k4LqDesZDPJCLxQGXNNHd/ZtJiWd0lCZKRk=
github.com/aws/aws-sdk-go-v2/credentials v1.17.51/go.mod h1:TKbzCHm43AoPyA+iLGGcruXd4AFhF8tOmLex2R9jWNQ=
github.com/aws/aws-sdk-go-v2/feature/ec2/imds v1.16.23 h1:IBAoD/1d8A8/1aA8g4MBVtTRHhXRiNAgwdbo/xRM2DI=
github.com/aws/aws-sdk-go-v2/feature/ec2/imds v1.16.23/go.mod h1:vfENuCM7dofkgKpYzuzf1VT1UKkA/YL3qanfBn7HCaA=
github.com/aws/aws-sdk-go-v2/feature/s3/manager v1.17.48 h1:XnXVe2zRyPf0+fAW5L05esmngvBpC6DQZK7oZB/z/Co=
github.com/aws/aws-sdk-go-v2/feature/s3/manager v1.17.48/go.mod h1:S3wey90OrS4f7kYxH6PT175YyEcHTORY07++HurMaRM=
github.com/aws/aws-sdk-go-v2/internal/configsources v1.3.27 h1:jSJjSBzw8VDIbWv+mmvBSP8ezsztMYJGH+eKqi9AmNs=
github.com/aws/aws-sdk-go-v2/internal/configsources v1.3.27/go.mod h1:/DAhLbFRgwhmvJdOfSm+WwikZrCuUJiA4WgJG0fTNSw=
github.com/aws/aws-sdk-go-v2/internal/endpoints/v2 v2.6.27 h1:l+X4K77Dui85pIj5foXDhPlnqcNRG2QUyvca300lXh8=
github.com/aws/aws-sdk-go-v2/internal/endpoints/v2 v2.6.27/go.mod h1:KvZXSFEXm6x84yE8qffKvT3x8J5clWnVFXphpohhzJ8=
github.com/aws/aws-sdk-go-v2/internal/ini v1.8.1 h1:VaRN3TlFdd6KxX1x3ILT5ynH6HvKgqdiXoTxAF4HQcQ=
github.com/aws/aws-sdk-go-v2/internal/ini v1.8.1/go.mod h1:FbtygfRFze9usAadmnGJNc8KsP346kEe+y2/oyhGAGc=
github.com/aws/aws-sdk-go-v2/internal/v4a v1.3.27 h1:AmB5QxnD+fBFrg9LcqzkgF/CaYvMyU/BTlejG4t1S7Q=
github.com/aws/aws-sdk-go-v2/internal/v4a v1.3.27/go.mod h1:Sai7P3xTiyv9ZUYO3IFxMnmiIP759/67iQbU4kdmkyU=
github.com/aws/aws-sdk-go-v2/service/internal/accept-encoding v1.12.1 h1:iXtILhvDxB6kPvEXgsDhGaZCSC6LQET5ZHSdJozeI0Y=
github.com/aws/aws-sdk-go-v2/service/internal/accept-encoding v1.12.1/go.mod h1:9nu0fVANtYiAePIBh2/pFUSwtJ402hLnp854CNoDOeE=
github.com/aws/aws-sdk-go-v2/service/internal/checksum v1.4.8 h1:iwYS40JnrBeA9e9aI5S6KKN4EB2zR4iUVYN0nwVivz4=
github.com/aws/aws-sdk-go-v2/service/internal/checksum v1.4.8/go.mod h1:Fm9Mi+ApqmFiknZtGpohVcBGvpTu542VC4XO9YudRi0=
github.com/aws/aws-sdk-go-v2/service/internal/presigned-url v1.12.8 h1:cWno7lefSH6Pp+mSznagKCgfDGeZRin66UvYUqAkyeA=
github.com/aws/aws-sdk-go-v2/service/internal/presigned-url v1.12.8/go.mod h1:tPD+VjU3ABTBoEJ3nctu5Nyg4P4yjqSH5bJGGkY4+XE=
github.com/aws/aws-sdk-go-v2/service/internal/s3shared v1.18.8 h1:/Mn7gTedG86nbpjT4QEKsN1D/fThiYe1qvq7WsBGNHg=
github.com/aws/aws-sdk-go-v2/service/internal/s3shared v1.18.8/go.mod h1:Ae3va9LPmvjj231ukHB6UeT8nS7wTPfC3tMZSZMwNYg=
github.com/aws/aws-sdk-go-v2/service/s3 v1.72.2 h1:a7aQ3RW+ug4IbhoQp29NZdc7vqrzKZZfWZSaQAXOZvQ=
github.com/aws/aws-sdk-go-v2/service/s3 v1.72.2/go.mod h1:xMekrnhmJ5aqmyxtmALs7mlvXw5xRh+eYjOjvrIIFJ4=
github.com/aws/aws-sdk-go-v2/service/sso v1.24.9 h1:YqtxripbjWb2QLyzRK9pByfEDvgg95gpC2AyDq4hFE8=
github.com/aws/aws-sdk-go-v2/service/sso v1.24.9/go.mod h1:lV8iQpg6OLOfBnqbGMBKYjilBlf633qwHnBEiMSPoHY=
github.com/aws/aws-sdk-go-v2/service/ssooidc v1.28.8 h1:6dBT1Lz8fK11m22R+AqfRsFn8320K0T5DTGxxOQBSMw=
github.com/aws/aws-sdk-go-v2/service/ssooidc v1.28.8/go.mod h1:/kiBvRQXBc6xeJTYzhSdGvJ5vm1tjaDEjH+MSeRJnlY=
github.com/aws/aws-sdk-go-v2/service/sts v1.33.6 h1:VwhTrsTuVn52an4mXx29PqRzs2Dvu921NpGk7y43tAM=
github.com/aws/aws-sdk-go-v2/service/sts v1.33.6/go.mod h1:+8h7PZb3yY5ftmVLD7ocEoE98hdc8PoKS0H3wfx1dlc=
github.com/aws/smithy-go v1.22.1 h1:/HPHZQ0g7f4eUeK6HKglFz8uwVfZKgoI25rb/J+dnro=
github.com/aws/smithy-go v1.22.1/go.mod h1:irrKGvNn1InZwb2d7fkIRNucdfwR8R+Ts3wxYa/cJHg=
github.com/beorn7/perks v1.0.1 h1:VlbKKnNfV8bJzeqoa4cOKqO6bYr3WgKZxO8Z16+hsOM=
github.com/beorn7/perks v1.0.1/go.mod h1:G2ZrVWU2WbWT9wwq4/hrbKbnv/1ERSJQ0ibhJ6rlkpw=
github.com/bradenaw/juniper v0.15.2 h1:0JdjBGEF2jP1pOxmlNIrPhAoQN7Ng5IMAY5D0PHMW4U=
github.com/bradenaw/juniper v0.15.2/go.mod h1:UX4FX57kVSaDp4TPqvSjkAAewmRFAfXf27BOs5z9dq8=
github.com/bradfitz/iter v0.0.0-20191230175014-e8f45d346db8 h1:GKTyiRCL6zVf5wWaqKnf+7Qs6GbEPfd4iMOitWzXJx8=
github.com/bradfitz/iter v0.0.0-20191230175014-e8f45d346db8/go.mod h1:spo1JLcs67NmW1aVLEgtA8Yy1elc+X8y5SRW1sFW4Og=
github.com/buengese/sgzip v0.1.1 h1:ry+T8l1mlmiWEsDrH/YHZnCVWD2S3im1KLsyO+8ZmTU=
github.com/buengese/sgzip v0.1.1/go.mod h1:i5ZiXGF3fhV7gL1xaRRL1nDnmpNj0X061FQzOS8VMas=
github.com/calebcase/tmpfile v1.0.3 h1:BZrOWZ79gJqQ3XbAQlihYZf/YCV0H4KPIdM5K5oMpJo=
github.com/calebcase/tmpfile v1.0.3/go.mod h1:UAUc01aHeC+pudPagY/lWvt2qS9ZO5Zzof6/tIUzqeI=
github.com/cespare/xxhash/v2 v2.3.0 h1:UL815xU9SqsFlibzuggzjXhog7bL6oX9BbNZnL2UFvs=
github.com/cespare/xxhash/v2 v2.3.0/go.mod h1:VGX0DQ3Q6kWi7AoAeZDth3/j3BFtOZR5XLFGgcrjCOs=
github.com/chilts/sid v0.0.0-20190607042430-660e94789ec9 h1:z0uK8UQqjMVYzvk4tiiu3obv2B44+XBsvgEJREQfnO8=
github.com/chilts/sid v0.0.0-20190607042430-660e94789ec9/go.mod h1:Jl2neWsQaDanWORdqZ4emBl50J4/aRBBS4FyyG9/PFo=
github.com/cloudflare/circl v1.3.7 h1:qlCDlTPz2n9fu58M0Nh1J/JzcFpfgkFHHX3O35r5vcU=
github.com/cloudflare/circl v1.3.7/go.mod h1:sRTcRWXGLrKw6yIGJ+l7amYJFfAXbZG0kBSc8r4zxgA=
github.com/cloudinary/cloudinary-go/v2 v2.9.0 h1:8C76QklmuV4qmKAC7cUnu9D68X9kCkFMuLspPikECCo=
github.com/cloudinary/cloudinary-go/v2 v2.9.0/go.mod h1:ireC4gqVetsjVhYlwjUJwKTbZuWjEIynbR9zQTlqsvo=
github.com/cloudsoda/go-smb2 v0.0.0-20241223203758-52b943b88fd6 h1:mLY/79N73URZ2J/oRKTxmfhCgxThzBmjQ6XOjX5tYjI=
github.com/cloudsoda/go-smb2 v0.0.0-20241223203758-52b943b88fd6/go.mod h1:0aLYPsmguHbok591y6hI5yAqU0drbUzrPEO10ZpgTTw=
github.com/colinmarc/hdfs/v2 v2.4.0 h1:v6R8oBx/Wu9fHpdPoJJjpGSUxo8NhHIwrwsfhFvU9W0=
github.com/colinmarc/hdfs/v2 v2.4.0/go.mod h1:0NAO+/3knbMx6+5pCv+Hcbaz4xn/Zzbn9+WIib2rKVI=
github.com/coreos/go-semver v0.3.1 h1:yi21YpKnrx1gt5R+la8n5WgS0kCrsPp33dmEyHReZr4=
github.com/coreos/go-semver v0.3.1/go.mod h1:irMmmIw/7yzSRPWryHsK7EYSg09caPQL03VsM8rvUec=
github.com/coreos/go-systemd/v22 v22.5.0 h1:RrqgGjYQKalulkV8NGVIfkXQf6YYmOyiJKk8iXXhfZs=
github.com/coreos/go-systemd/v22 v22.5.0/go.mod h1:Y58oyj3AT4RCenI/lSvhwexgC+NSVTIJ3seZv2GcEnc=
github.com/cpuguy83/go-md2man/v2 v2.0.4 h1:wfIWP927BUkWJb2NmU/kNDYIBTh/ziUX91+lVfRxZq4=
github.com/cpuguy83/go-md2man/v2 v2.0.4/go.mod h1:tgQtvFlXSQOSOSIRvRPT7W67SCa46tRHOmNcaadrF8o=
github.com/creasty/defaults v1.7.0 h1:eNdqZvc5B509z18lD8yc212CAqJNvfT1Jq6L8WowdBA=
github.com/creasty/defaults v1.7.0/go.mod h1:iGzKe6pbEHnpMPtfDXZEr0NVxWnPTjb1bbDy08fPzYM=
github.com/cronokirby/saferith v0.33.0 h1:TgoQlfsD4LIwx71+ChfRcIpjkw+RPOapDEVxa+LhwLo=
github.com/cronokirby/saferith v0.33.0/go.mod h1:QKJhjoqUtBsXCAVEjw38mFqoi7DebT7kthcD7UzbnoA=
github.com/davecgh/go-spew v1.1.2-0.20180830191138-d8f796af33cc h1:U9qPSI2PIWSS1VwoXQT9A3Wy9MM3WgvqSxFWenqJduM=
github.com/davecgh/go-spew v1.1.2-0.20180830191138-d8f796af33cc/go.mod h1:J7Y8YcW2NihsgmVo/mv3lAwl/skON4iLHjSsI+c5H38=
github.com/dop251/scsu v0.0.0-20220106150536-84ac88021d00/go.mod h1:nNICngOdmNImBb/vuL+dSc0aIg3ryNATpjxThNoPw4g=
github.com/dropbox/dropbox-sdk-go-unofficial/v6 v6.0.5 h1:FT+t0UEDykcor4y3dMVKXIiWJETBpRgERYTGlmMd7HU=
github.com/dropbox/dropbox-sdk-go-unofficial/v6 v6.0.5/go.mod h1:rSS3kM9XMzSQ6pw91Qgd6yB5jdt70N4OdtrAf74As5M=
github.com/dustin/go-humanize v1.0.1/go.mod h1:Mu1zIs6XwVuF/gI1OepvI0qD18qycQx+mFykh5fBlto=
github.com/ebitengine/purego v0.8.1 h1:sdRKd6plj7KYW33EH5As6YKfe8m9zbN9JMrOjNVF/BE=
github.com/ebitengine/purego v0.8.1/go.mod h1:iIjxzd6CiRiOG0UyXP+V1+jWqUXVjPKLAI0mRfJZTmQ=
github.com/emersion/go-message v0.18.0 h1:7LxAXHRpSeoO/Wom3ZApVZYG7c3d17yCScYce8WiXA8=
github.com/emersion/go-message v0.18.0/go.mod h1:Zi69ACvzaoV/MBnrxfVBPV3xWEuCmC2nEN39oJF4B8A=
github.com/emersion/go-textwrapper v0.0.0-20200911093747-65d896831594 h1:IbFBtwoTQyw0fIM5xv1HF+Y+3ZijDR839WMulgxCcUY=
github.com/emersion/go-textwrapper v0.0.0-20200911093747-65d896831594/go.mod h1:aqO8z8wPrjkscevZJFVE1wXJrLpC5LtJG7fqLOsPb2U=
github.com/emersion/go-vcard v0.0.0-20230815062825-8fda7d206ec9 h1:ATgqloALX6cHCranzkLb8/zjivwQ9DWWDCQRnxTPfaA=
github.com/emersion/go-vcard v0.0.0-20230815062825-8fda7d206ec9/go.mod h1:HMJKR5wlh/ziNp+sHEDV2ltblO4JD2+IdDOWtGcQBTM=
github.com/felixge/httpsnoop v1.0.4 h1:NFTV2Zj1bL4mc9sqWACXbQFVBBg2W3GPvqp8/ESS2Wg=
github.com/felixge/httpsnoop v1.0.4/go.mod h1:m8KPJKqk1gH5J9DgRY2ASl2lWCfGKXixSwevea8zH2U=
github.com/flynn/noise v1.0.1 h1:vPp/jdQLXC6ppsXSj/pM3W1BIJ5FEHE2TulSJBpb43Y=
github.com/flynn/noise v1.0.1/go.mod h1:xbMo+0i6+IGbYdJhF31t2eR1BIU0CYc12+BNAKwUTag=
github.com/fsnotify/fsnotify v1.8.0 h1:dAwr6QBTBZIkG8roQaJjGof0pp0EeF+tNV7YBP3F/8M=
github.com/fsnotify/fsnotify v1.8.0/go.mod h1:8jBTzvmWwFyi3Pb8djgCCO5IBqzKJ/Jwo8TRcHyHii0=
github.com/gabriel-vasile/mimetype v1.4.8 h1:FfZ3gj38NjllZIeJAmMhr+qKL8Wu+nOoI3GqacKw1NM=
github.com/gabriel-vasile/mimetype v1.4.8/go.mod h1:ByKUIKGjh1ODkGM1asKUbQZOLGrPjydw3hYPU2YU9t8=
github.com/gdamore/encoding v1.0.1 h1:YzKZckdBL6jVt2Gc+5p82qhrGiqMdG/eNs6Wy0u3Uhw=
github.com/gdamore/encoding v1.0.1/go.mod h1:0Z0cMFinngz9kS1QfMjCP8TY7em3bZYeeklsSDPivEo=
github.com/gdamore/tcell/v2 v2.8.1 h1:KPNxyqclpWpWQlPLx6Xui1pMk8S+7+R37h3g07997NU=
github.com/gdamore/tcell/v2 v2.8.1/go.mod h1:bj8ori1BG3OYMjmb3IklZVWfZUJ1UBQt9JXrOCOhGWw=
github.com/geoffgarside/ber v1.1.0 h1:qTmFG4jJbwiSzSXoNJeHcOprVzZ8Ulde2Rrrifu5U9w=
github.com/geoffgarside/ber v1.1.0/go.mod h1:jVPKeCbj6MvQZhwLYsGwaGI52oUorHoHKNecGT85ZCc=
github.com/go-chi/chi/v5 v5.2.0 h1:Aj1EtB0qR2Rdo2dG4O94RIU35w2lvQSj6BRA4+qwFL0=
github.com/go-chi/chi/v5 v5.2.0/go.mod h1:DslCQbL2OYiznFReuXYUmQ2hGd1aDpCnlMNITLSKoi8=
github.com/go-darwin/apfs v0.0.0-20211011131704-f84b94dbf348 h1:JnrjqG5iR07/8k7NqrLNilRsl3s1EPRQEGvbPyOce68=
github.com/go-darwin/apfs v0.0.0-20211011131704-f84b94dbf348/go.mod h1:Czxo/d1g948LtrALAZdL04TL/HnkopquAjxYUuI02bo=
github.com/go-git/go-billy/v5 v5.6.2 h1:6Q86EsPXMa7c3YZ3aLAQsMA0VlWmy43r6FHqa/UNbRM=
github.com/go-git/go-billy/v5 v5.6.2/go.mod h1:rcFC2rAsp/erv7CMz9GczHcuD0D32fWzH+MJAU+jaUU=
github.com/go-ini/ini v1.67.0/go.mod h1:ByCAeIL28uOIIG0E3PJtZPDL8WnHpFKFOtgjp+3Ies8=
github.com/go-logr/logr v1.4.2 h1:6pFjapn8bFcIbiKo3XT4j/BhANplGihG6tvd+8rYgrY=
github.com/go-logr/logr v1.4.2/go.mod h1:9T104GzyrTigFIr8wt5mBrctHMim0Nb2HLGrmQ40KvY=
github.com/go-logr/stdr v1.2.2 h1:hSWxHoqTgW2S2qGc0LTAI563KZ5YKYRhT3MFKZMbjag=
github.com/go-logr/stdr v1.2.2/go.mod h1:mMo/vtBO5dYbehREoey6XUKy/eSumjCCveDpRre4VKE=
github.com/go-ole/go-ole v1.3.0 h1:Dt6ye7+vXGIKZ7Xtk4s6/xVdGDQynvom7xCFEdWr6uE=
github.com/go-ole/go-ole v1.3.0/go.mod h1:5LS6F96DhAwUc7C+1HLexzMXY1xGRSryjyPPKW6zv78=
github.com/go-resty/resty/v2 v2.11.0 h1:i7jMfNOJYMp69lq7qozJP+bjgzfAzeOhuGlyDrqxT/8=
github.com/go-resty/resty/v2 v2.11.0/go.mod h1:iiP/OpA0CkcL3IGt1O0+/SIItFUbkkyw5BGXiVdTu+A=
github.com/goccy/go-json v0.10.4/go.mod h1:oq7eo15ShAhp70Anwd5lgX2pLfOS3QCiwU/PULtXL6M=
github.com/gofrs/flock v0.8.1 h1:+gYjHKf32LDeiEEFhQaotPbLuUXjY5ZqxKgXy7n59aw=
github.com/gofrs/flock v0.8.1/go.mod h1:F1TvTiK9OcQqauNUHlbJvyl9Qa1QvF/gOUDKA14jxHU=
github.com/gogo/protobuf v1.3.2 h1:Ov1cvc58UF3b5XjBnZv7+opcTcQFZebYjWzi34vdm4Q=
github.com/gogo/protobuf v1.3.2/go.mod h1:P1XiOD3dCwIKUDQYPy72D8LYyHL2YPYrpS2s69NZV8Q=
github.com/golang-jwt/jwt/v4 v4.5.1 h1:JdqV9zKUdtaa9gdPlywC3aeoEsR681PlKC+4F5gQgeo=
github.com/golang-jwt/jwt/v4 v4.5.1/go.mod h1:m21LjoU+eqJr34lmDMbreY2eSTRJ1cv77w39/MY0Ch0=
github.com/golang-jwt/jwt/v5 v5.2.1 h1:OuVbFODueb089Lh128TAcimifWaLhJwVflnrgM17wHk=
github.com/golang-jwt/jwt/v5 v5.2.1/go.mod h1:pqrtFR0X4osieyHYxtmOUWsAWrfe1Q5UVIyoH402zdk=
github.com/google/s2a-go v0.1.8 h1:zZDs9gcbt9ZPLV0ndSyQk6Kacx2g/X+SKYovpnz3SMM=
github.com/google/s2a-go v0.1.8/go.mod h1:6iNWHTpQ+nfNRN5E00MSdfDwVesa8hhS32PhPO8deJA=
github.com/google/uuid v1.6.0 h1:NIvaJDMOsjHA8n1jAhLSgzrAzy1Hgr+hNrb57e+94F0=
github.com/google/uuid v1.6.0/go.mod h1:TIyPZe4MgqvfeYDBFedMoGGpEw/LqOeaOT+nhxU+yHo=
github.com/googleapis/enterprise-certificate-proxy v0.3.4 h1:XYIDZApgAnrN1c855gTgghdIA6Stxb52D5RnLI1SLyw=
github.com/googleapis/enterprise-certificate-proxy v0.3.4/go.mod h1:YKe7cfqYXjKGpGvmSg28/fFvhNzinZQm8DGnaburhGA=
github.com/googleapis/gax-go/v2 v2.14.1 h1:hb0FFeiPaQskmvakKu5EbCbpntQn48jyHuvrkurSS/Q=
github.com/googleapis/gax-go/v2 v2.14.1/go.mod h1:Hb/NubMaVM88SrNkvl8X/o8XWwDJEPqouaLeN2IUxoA=
github.com/gopherjs/gopherjs v0.0.0-20181103185306-d547d1d9531e/go.mod h1:wJfORRmW1u3UXTncJ5qlYoELFm8eSnnEO6hX4iZ3EWY=
github.com/gorilla/schema v1.4.1 h1:jUg5hUjCSDZpNGLuXQOgIWGdlgrIdYvgQ0wZtdK1M3E=
github.com/gorilla/schema v1.4.1/go.mod h1:Dg5SSm5PV60mhF2NFaTV1xuYYj8tV8NOPRo4FggUMnM=
github.com/hanwen/go-fuse/v2 v2.7.2 h1:SbJP1sUP+n1UF8NXBA14BuojmTez+mDgOk0bC057HQw=
github.com/hanwen/go-fuse/v2 v2.7.2/go.mod h1:ugNaD/iv5JYyS1Rcvi57Wz7/vrLQJo10mmketmoef48=
github.com/hashicorp/errwrap v1.1.0 h1:OxrOeh75EUXMY8TBjag2fzXGZ40LB6IKw45YeGUDY2I=
github.com/hashicorp/errwrap v1.1.0/go.mod h1:YH+1FKiLXxHSkmPseP+kNlulaMuP3n2brvKWEqk/Jc4=
github.com/hashicorp/go-cleanhttp v0.5.2 h1:035FKYIWjmULyFRBKPs8TBQoi0x6d9G4xc9neXJWAZQ=
github.com/hashicorp/go-cleanhttp v0.5.2/go.mod h1:kO/YDlP8L1346E6Sodw+PrpBSV4/SoxCXGY6BqNFT48=
github.com/hashicorp/go-multierror v1.1.1 h1:H5DkEtf6CXdFp0N0Em5UCwQpXMWke8IA0+lD48awMYo=
github.com/hashicorp/go-multierror v1.1.1/go.mod h1:iw975J/qwKPdAO1clOe2L8331t/9/fmwbPZ6JB6eMoM=
github.com/hashicorp/go-retryablehttp v0.7.7 h1:C8hUCYzor8PIfXHa4UrZkU4VvK8o9ISHxT2Q8+VepXU=
github.com/hashicorp/go-retryablehttp v0.7.7/go.mod h1:pkQpWZeYWskR+D1tR2O5OcBFOxfA7DoAO6xtkuQnHTk=
github.com/hashicorp/go-uuid v1.0.3 h1:2gKiV6YVmrJ1i2CKKa9obLvRieoRGviZFL26PcT/Co8=
github.com/hashicorp/go-uuid v1.0.3/go.mod h1:6SBZvOh/SIDV7/2o3Jml5SYk/TvGqwFJ/bN7x4byOro=
github.com/hashicorp/golang-lru/v2 v2.0.7 h1:a+bsQ5rvGLjzHuww6tVxozPZFVghXaHOwFs4luLUK2k=
github.com/hashicorp/golang-lru/v2 v2.0.7/go.mod h1:QeFd9opnmA6QUJc5vARoKUSoFhyfM2/ZepoAG6RGpeM=
github.com/henrybear327/Proton-API-Bridge v1.0.0 h1:gjKAaWfKu++77WsZTHg6FUyPC5W0LTKWQciUm8PMZb0=
github.com/henrybear327/Proton-API-Bridge v1.0.0/go.mod h1:gunH16hf6U74W2b9CGDaWRadiLICsoJ6KRkSt53zLts=
github.com/henrybear327/go-proton-api v1.0.0 h1:zYi/IbjLwFAW7ltCeqXneUGJey0TN//Xo851a/BgLXw=
github.com/henrybear327/go-proton-api v1.0.0/go.mod h1:w63MZuzufKcIZ93pwRgiOtxMXYafI8H74D77AxytOBc=
github.com/inconshreveable/mousetrap v1.1.0 h1:wN+x4NVGpMsO7ErUn/mUI3vEoE6Jt13X2s0bqwp9tc8=
github.com/inconshreveable/mousetrap v1.1.0/go.mod h1:vpF70FUmC8bwa3OWnCshd2FqLfsEA9PFc4w1p2J65bw=
github.com/jcmturner/aescts/v2 v2.0.0 h1:9YKLH6ey7H4eDBXW8khjYslgyqG2xZikXP0EQFKrle8=
github.com/jcmturner/aescts/v2 v2.0.0/go.mod h1:AiaICIRyfYg35RUkr8yESTqvSy7csK90qZ5xfvvsoNs=
github.com/jcmturner/dnsutils/v2 v2.0.0 h1:lltnkeZGL0wILNvrNiVCR6Ro5PGU/SeBvVO/8c/iPbo=
github.com/jcmturner/dnsutils/v2 v2.0.0/go.mod h1:b0TnjGOvI/n42bZa+hmXL+kFJZsFT7G4t3HTlQ184QM=
github.com/jcmturner/gofork v1.7.6 h1:QH0l3hzAU1tfT3rZCnW5zXl+orbkNMMRGJfdJjHVETg=
github.com/jcmturner/gofork v1.7.6/go.mod h1:1622LH6i/EZqLloHfE7IeZ0uEJwMSUyQ/nDd82IeqRo=
github.com/jcmturner/goidentity/v6 v6.0.1 h1:VKnZd2oEIMorCTsFBnJWbExfNN7yZr3EhJAxwOkZg6o=
github.com/jcmturner/goidentity/v6 v6.0.1/go.mod h1:X1YW3bgtvwAXju7V3LCIMpY0Gbxyjn/mY9zx4tFonSg=
github.com/jcmturner/gokrb5/v8 v8.4.4 h1:x1Sv4HaTpepFkXbt2IkL29DXRf8sOfZXo8eRKh687T8=
github.com/jcmturner/gokrb5/v8 v8.4.4/go.mod h1:1btQEpgT6k+unzCwX1KdWMEwPPkkgBtP+F6aCACiMrs=
github.com/jcmturner/rpc/v2 v2.0.3 h1:7FXXj8Ti1IaVFpSAziCZWNzbNuZmnvw/i6CqLNdWfZY=
github.com/jcmturner/rpc/v2 v2.0.3/go.mod h1:VUJYCIDm3PVOEHw8sgt091/20OJjskO/YJki3ELg/Hc=
github.com/jlaffaye/ftp v0.2.1-0.20240918233326-1b970516f5d3 h1:ZxO6Qr2GOXPdcW80Mcn3nemvilMPvpWqxrNfK2ZnNNs=
github.com/jlaffaye/ftp v0.2.1-0.20240918233326-1b970516f5d3/go.mod h1:dvLUr/8Fs9a2OBrEnCC5duphbkz/k/mSy5OkXg3PAgI=
github.com/josephspurrier/goversioninfo v1.4.1/go.mod h1:JWzv5rKQr+MmW+LvM412ToT/IkYDZjaclF2pKDss8IY=
github.com/jtolio/noiseconn v0.0.0-20231127013910-f6d9ecbf1de7 h1:JcltaO1HXM5S2KYOYcKgAV7slU0xPy1OcvrVgn98sRQ=
github.com/jtolio/noiseconn v0.0.0-20231127013910-f6d9ecbf1de7/go.mod h1:MEkhEPFwP3yudWO0lj6vfYpLIB+3eIcuIW+e0AZzUQk=
github.com/jzelinskie/whirlpool v0.0.0-20201016144138-0675e54bb004 h1:G+9t9cEtnC9jFiTxyptEKuNIAbiN5ZCQzX2a74lj3xg=
github.com/jzelinskie/whirlpool v0.0.0-20201016144138-0675e54bb004/go.mod h1:KmHnJWQrgEvbuy0vcvj00gtMqbvNn1L+3YUZLK/B92c=
github.com/klauspost/compress v1.17.11 h1:In6xLpyWOi1+C7tXUUWv2ot1QvBjxevKAaI6IXrJmUc=
github.com/klauspost/compress v1.17.11/go.mod h1:pMDklpSncoRMuLFrf1W9Ss9KT+0rH90U12bZKk7uwG0=
github.com/klauspost/cpuid/v2 v2.2.9 h1:66ze0taIn2H33fBvCkXuv9BmCwDfafmiIVpKV9kKGuY=
github.com/klauspost/cpuid/v2 v2.2.9/go.mod h1:rqkxqrZ1EhYM9G+hXH7YdowN5R5RGN6NK4QwQ3WMXF8=
github.com/koofr/go-httpclient v0.0.0-20240520111329-e20f8f203988 h1:CjEMN21Xkr9+zwPmZPaJJw+apzVbjGL5uK/6g9Q2jGU=
github.com/koofr/go-httpclient v0.0.0-20240520111329-e20f8f203988/go.mod h1:/agobYum3uo/8V6yPVnq+R82pyVGCeuWW5arT4Txn8A=
github.com/koofr/go-koofrclient v0.0.0-20221207135200-cbd7fc9ad6a6 h1:FHVoZMOVRA+6/y4yRlbiR3WvsrOcKBd/f64H7YiWR2U=
github.com/koofr/go-koofrclient v0.0.0-20221207135200-cbd7fc9ad6a6/go.mod h1:MRAz4Gsxd+OzrZ0owwrUHc0zLESL+1Y5syqK/sJxK2A=
github.com/kr/fs v0.1.0 h1:Jskdu9ieNAYnjxsi0LbQp1ulIKZV1LAFgK1tWhpZgl8=
github.com/kr/fs v0.1.0/go.mod h1:FFnZGqtBN9Gxj7eW1uZ42v5BccTP0vu6NEaFoC2HwRg=
github.com/kylelemons/godebug v1.1.0 h1:RPNrshWIDI6G2gRW9EHilWtl7Z6Sb1BR0xunSBf0SNc=
github.com/kylelemons/godebug v1.1.0/go.mod h1:9/0rRGxNHcop5bhtWyNeEfOS8JIWk580+fNqagV/RAw=
github.com/lpar/date v1.0.0 h1:bq/zVqFTUmsxvd/CylidY4Udqpr9BOFrParoP6p0x/I=
github.com/lpar/date v1.0.0/go.mod h1:KjYe0dDyMQTgpqcUz4LEIeM5VZwhggjVx/V2dtc8NSo=
github.com/lucasb-eyer/go-colorful v1.2.0 h1:1nnpGOrhyZZuNyfu1QjKiUICQ74+3FNCN69Aj6K7nkY=
github.com/lucasb-eyer/go-colorful v1.2.0/go.mod h1:R4dSotOR9KMtayYi1e77YzuveK+i7ruzyGqttikkLy0=
github.com/lufia/plan9stats v0.0.0-20231016141302-07b5767bb0ed h1:036IscGBfJsFIgJQzlui7nK1Ncm0tp2ktmPj8xO4N/0=
github.com/lufia/plan9stats v0.0.0-20231016141302-07b5767bb0ed/go.mod h1:ilwx/Dta8jXAgpFYFvSWEMwxmbWXyiUHkd5FwyKhb5k=
github.com/mattn/go-colorable v0.1.14 h1:9A9LHSqF/7dyVVX6g0U9cwm9pG3kP9gSzcuIPHPsaIE=
github.com/mattn/go-colorable v0.1.14/go.mod h1:6LmQG8QLFO4G5z1gPvYEzlUgJ2wF+stgPZH1UqBm1s8=
github.com/mattn/go-isatty v0.0.20 h1:xfD0iDuEKnDkl03q4limB+vH+GxLEtL/jb4xVJSWWEY=
github.com/mattn/go-isatty v0.0.20/go.mod h1:W+V8PltTTMOvKvAeJH7IuucS94S2C6jfK/D7dTCTo3Y=
github.com/mattn/go-runewidth v0.0.16 h1:E5ScNMtiwvlvB5paMFdw9p4kSQzbXFikJ5SQO6TULQc=
github.com/mattn/go-runewidth v0.0.16/go.mod h1:Jdepj2loyihRzMpdS35Xk/zdY8IAYHsh153qUoGf23w=
github.com/minio/md5-simd v1.1.2/go.mod h1:MzdKDxYpY2BT9XQFocsiZf/NKVtR7nkE4RoEpN+20RM=
github.com/minio/minio-go/v7 v7.0.83/go.mod h1:57YXpvc5l3rjPdhqNrDsvVlY0qPI6UTk1bflAe+9doY=
github.com/minio/xxml v0.0.3 h1:ZIpPQpfyG5uZQnqqC0LZuWtPk/WT8G/qkxvO6jb7zMU=
github.com/minio/xxml v0.0.3/go.mod h1:wcXErosl6IezQIMEWSK/LYC2VS7LJ1dAkgvuyIN3aH4=
github.com/mitchellh/go-homedir v1.1.0 h1:lukF9ziXFxDFPkA1vsr5zpc1XuPDn/wFntq5mG+4E0Y=
github.com/mitchellh/go-homedir v1.1.0/go.mod h1:SfyaCUpYCn1Vlf4IUYiD9fPX4A5wJrkLzIz1N1q0pr0=
github.com/moby/sys/mountinfo v0.7.2 h1:1shs6aH5s4o5H2zQLn796ADW1wMrIwHsyJ2v9KouLrg=
github.com/moby/sys/mountinfo v0.7.2/go.mod h1:1YOa8w8Ih7uW0wALDUgT1dTTSBrZ+HiBLGws92L2RU4=
github.com/munnerz/goautoneg v0.0.0-20191010083416-a7dc8b61c822 h1:C3w9PqII01/Oq1c1nUAm88MOHcQC9l5mIlSMApZMrHA=
github.com/munnerz/goautoneg v0.0.0-20191010083416-a7dc8b61c822/go.mod h1:+n7T8mK8HuQTcFwEeznm/DIxMOiR9yIdICNftLE1DvQ=
github.com/ncw/swift/v2 v2.0.3 h1:8R9dmgFIWs+RiVlisCEfiQiik1hjuR0JnOkLxaP9ihg=
github.com/ncw/swift/v2 v2.0.3/go.mod h1:cbAO76/ZwcFrFlHdXPjaqWZ9R7Hdar7HpjRXBfbjigk=
github.com/onsi/ginkgo v1.16.5/go.mod h1:+E8gABHa3K6zRBolWtd+ROzc/U5bkGt0FwiG042wbpU=
github.com/oracle/oci-go-sdk/v65 v65.81.1 h1:JYc47bk8n/MUchA2KHu1ggsCQzlJZQLJ+tTKfOho00E=
github.com/oracle/oci-go-sdk/v65 v65.81.1/go.mod h1:IBEV9l1qBzUpo7zgGaRUhbB05BVfcDGYRFBCPlTcPp0=
github.com/panjf2000/ants/v2 v2.9.1 h1:Q5vh5xohbsZXGcD6hhszzGqB7jSSc2/CRr3QKIga8Kw=
github.com/panjf2000/ants/v2 v2.9.1/go.mod h1:7ZxyxsqE4vvW0M7LSD8aI3cKwgFhBHbxnlN8mDqHa1I=
github.com/patrickmn/go-cache v2.1.0+incompatible h1:HRMgzkcYKYpi3C8ajMPV8OFXaaRUnok+kx1WdO15EQc=
github.com/patrickmn/go-cache v2.1.0+incompatible/go.mod h1:3Qf8kWWT7OJRJbdiICTKqZju1ZixQ/KpMGzzAfe6+WQ=
github.com/pengsrc/go-shared v0.2.1-0.20190131101655-1999055a4a14 h1:XeOYlK9W1uCmhjJSsY78Mcuh7MVkNjTzmHx1yBzizSU=
github.com/pengsrc/go-shared v0.2.1-0.20190131101655-1999055a4a14/go.mod h1:jVblp62SafmidSkvWrXyxAme3gaTfEtWwRPGz5cpvHg=
github.com/pkg/browser v0.0.0-20240102092130-5ac0b6a4141c h1:+mdjkGKdHQG3305AYmdv1U2eRNDiU2ErMBj1gwrq8eQ=
github.com/pkg/browser v0.0.0-20240102092130-5ac0b6a4141c/go.mod h1:7rwL4CYBLnjLxUqIJNnCWiEdr3bn6IUYi15bNlnbCCU=
github.com/pkg/errors v0.9.1 h1:FEBLx1zS214owpjy7qsBeixbURkuhQAwrK5UwLGTwt4=
github.com/pkg/errors v0.9.1/go.mod h1:bwawxfHBFNV+L2hUp1rHADufV3IMtnDRdf1r5NINEl0=
github.com/pkg/sftp v1.13.7 h1:uv+I3nNJvlKZIQGSr8JVQLNHFU9YhhNpvC14Y6KgmSM=
github.com/pkg/sftp v1.13.7/go.mod h1:KMKI0t3T6hfA+lTR/ssZdunHo+uwq7ghoN09/FSu3DY=
github.com/pkg/xattr v0.4.10 h1:Qe0mtiNFHQZ296vRgUjRCoPHPqH7VdTOrZx3g0T+pGA=
github.com/pkg/xattr v0.4.10/go.mod h1:di8WF84zAKk8jzR1UBTEWh9AUlIZZ7M/JNt8e9B6ktU=
github.com/pmezard/go-difflib v1.0.1-0.20181226105442-5d4384ee4fb2 h1:Jamvg5psRIccs7FGNTlIRMkT8wgtp5eCXdBlqhYGL6U=
github.com/pmezard/go-difflib v1.0.1-0.20181226105442-5d4384ee4fb2/go.mod h1:iKH77koFhYxTK1pcRnkKkqfTogsbg7gZNVY4sRDYZ/4=
github.com/power-devops/perfstat v0.0.0-20221212215047-62379fc7944b h1:0LFwY6Q3gMACTjAbMZBjXAqTOzOwFaj2Ld6cjeQ7Rig=
github.com/power-devops/perfstat v0.0.0-20221212215047-62379fc7944b/go.mod h1:OmDBASR4679mdNQnz2pUhc2G8CO2JrUAVFDRBDP/hJE=
github.com/prometheus/client_golang v1.20.5 h1:cxppBPuYhUnsO6yo/aoRol4L7q7UFfdm+bR9r+8l63Y=
github.com/prometheus/client_golang v1.20.5/go.mod h1:PIEt8X02hGcP8JWbeHyeZ53Y/jReSnHgO035n//V5WE=
github.com/prometheus/client_model v0.6.1 h1:ZKSh/rekM+n3CeS952MLRAdFwIKqeY8b62p8ais2e9E=
github.com/prometheus/client_model v0.6.1/go.mod h1:OrxVMOVHjw3lKMa8+x6HeMGkHMQyHDk9E3jmP2AmGiY=
github.com/prometheus/common v0.55.0 h1:KEi6DK7lXW/m7Ig5i47x0vRzuBsHuvJdi5ee6Y3G1dc=
github.com/prometheus/common v0.55.0/go.mod h1:2SECS4xJG1kd8XF9IcM1gMX6510RAEL65zxzNImwdc8=
github.com/prometheus/procfs v0.15.1 h1:YagwOFzUgYfKKHX6Dr+sHT7km/hxC76UB0learggepc=
github.com/prometheus/procfs v0.15.1/go.mod h1:fB45yRUv8NstnjriLhBQLuOUt+WW4BsoGhij/e3PBqk=
github.com/putdotio/go-putio/putio v0.0.0-20200123120452-16d982cac2b8 h1:Y258uzXU/potCYnQd1r6wlAnoMB68BiCkCcCnKx1SH8=
github.com/putdotio/go-putio/putio v0.0.0-20200123120452-16d982cac2b8/go.mod h1:bSJjRokAHHOhA+XFxplld8w2R/dXLH7Z3BZ532vhFwU=
github.com/quasilyte/go-ruleguard/dsl v0.3.22/go.mod h1:KeCP03KrjuSO0H1kTuZQCWlQPulDV6YMIXmpQss17rU=
github.com/rasky/go-xdr v0.0.0-20170124162913-1a41d1a06c93 h1:UVArwN/wkKjMVhh2EQGC0tEc1+FqiLlvYXY5mQ2f8Wg=
github.com/rasky/go-xdr v0.0.0-20170124162913-1a41d1a06c93/go.mod h1:Nfe4efndBz4TibWycNE+lqyJZiMX4ycx+QKV8Ta0f/o=
github.com/rclone/gofakes3 v0.0.4 h1:LswpC49VY/UJ1zucoL5ktnOEX6lq3qK7e1aFIAfqCbk=
github.com/rclone/gofakes3 v0.0.4/go.mod h1:j/UoS+2/Mr7xAlfKhyVC58YyFQmh9uoQA5YZQXQUqmg=
github.com/relvacode/iso8601 v1.3.0 h1:HguUjsGpIMh/zsTczGN3DVJFxTU/GX+MMmzcKoMO7ko=
github.com/relvacode/iso8601 v1.3.0/go.mod h1:FlNp+jz+TXpyRqgmM7tnzHHzBnz776kmAH2h3sZCn0I=
github.com/rfjakob/eme v1.1.2 h1:SxziR8msSOElPayZNFfQw4Tjx/Sbaeeh3eRvrHVMUs4=
github.com/rfjakob/eme v1.1.2/go.mod h1:cVvpasglm/G3ngEfcfT/Wt0GwhkuO32pf/poW6Nyk1k=
github.com/rivo/uniseg v0.4.7 h1:WUdvkW8uEhrYfLC4ZzdpI2ztxP1I582+49Oc5Mq64VQ=
github.com/rivo/uniseg v0.4.7/go.mod h1:FN3SvrM+Zdj16jyLfmOkMNblXMcoc8DfTHruCPUcx88=
github.com/rogpeppe/go-internal v1.13.1/go.mod h1:uMEvuHeurkdAXX61udpOXGD/AzZDWNMNyH2VO9fmH0o=
github.com/rs/xid v1.6.0/go.mod h1:7XoLgs4eV+QndskICGsho+ADou8ySMSjJKDIan90Nz0=
github.com/russross/blackfriday/v2 v2.1.0 h1:JIOH55/0cWyOuilr9/qlrm0BSXldqnqwMsf35Ld67mk=
github.com/russross/blackfriday/v2 v2.1.0/go.mod h1:+Rmxgy9KzJVeS9/2gXHxylqXiyQDYRxCVz55jmeOWTM=
github.com/ryszard/goskiplist v0.0.0-20150312221310-2dfbae5fcf46 h1:GHRpF1pTW19a8tTFrMLUcfWwyC0pnifVo2ClaLq+hP8=
github.com/ryszard/goskiplist v0.0.0-20150312221310-2dfbae5fcf46/go.mod h1:uAQ5PCi+MFsC7HjREoAz1BU+Mq60+05gifQSsHSDG/8=
github.com/sabhiram/go-gitignore v0.0.0-20210923224102-525f6e181f06 h1:OkMGxebDjyw0ULyrTYWeN0UNCCkmCWfjPnIA2W6oviI=
github.com/sabhiram/go-gitignore v0.0.0-20210923224102-525f6e181f06/go.mod h1:+ePHsJ1keEjQtpvf9HHw0f4ZeJ0TLRsxhunSI2hYJSs=
github.com/samber/lo v1.47.0 h1:z7RynLwP5nbyRscyvcD043DWYoOcYRv3mV8lBeqOCLc=
github.com/samber/lo v1.47.0/go.mod h1:RmDH9Ct32Qy3gduHQuKJ3gW1fMHAnE/fAzQuf6He5cU=
github.com/shabbyrobe/gocovmerge v0.0.0-20230507112040-c3350d9342df h1:S77Pf5fIGMa7oSwp8SQPp7Hb4ZiI38K3RNBKD2LLeEM=
github.com/shabbyrobe/gocovmerge v0.0.0-20230507112040-c3350d9342df/go.mod h1:dcuzJZ83w/SqN9k4eQqwKYMgmKWzg/KzJAURBhRL1tc=
github.com/shirou/gopsutil/v4 v4.24.12 h1:qvePBOk20e0IKA1QXrIIU+jmk+zEiYVVx06WjBRlZo4=
github.com/shirou/gopsutil/v4 v4.24.12/go.mod h1:DCtMPAad2XceTeIAbGyVfycbYQNBGk2P8cvDi7/VN9o=
github.com/sirupsen/logrus v1.9.3 h1:dueUQJ1C2q9oE3F7wvmSGAaVtTmUizReu6fjN8uqzbQ=
github.com/sirupsen/logrus v1.9.3/go.mod h1:naHLuLoDiP4jHNo9R0sCBMtWGeIprob74mVsIT4qYEQ=
github.com/skratchdot/open-golang v0.0.0-20200116055534-eef842397966 h1:JIAuq3EEf9cgbU6AtGPK4CTG3Zf6CKMNqf0MHTggAUA=
github.com/skratchdot/open-golang v0.0.0-20200116055534-eef842397966/go.mod h1:sUM3LWHvSMaG192sy56D9F7CNvL7jUJVXoqM1QKLnog=
github.com/sony/gobreaker v0.5.0 h1:dRCvqm0P490vZPmy7ppEk2qCnCieBooFJ+YoXGYB+yg=
github.com/sony/gobreaker v0.5.0/go.mod h1:ZKptC7FHNvhBz7dN2LGjPVBz2sZJmc0/PkyDJOjmxWY=
github.com/spacemonkeygo/monkit/v3 v3.0.22 h1:4/g8IVItBDKLdVnqrdHZrCVPpIrwDBzl1jrV0IHQHDU=
github.com/spacemonkeygo/monkit/v3 v3.0.22/go.mod h1:XkZYGzknZwkD0AKUnZaSXhRiVTLCkq7CWVa3IsE72gA=
github.com/spf13/cobra v1.8.1 h1:e5/vxKd/rZsfSJMUX1agtjeTDf+qv1/JdBF8gg5k9ZM=
github.com/spf13/cobra v1.8.1/go.mod h1:wHxEcudfqmLYa8iTfL+OuZPbBZkmvliBWKIezN3kD9Y=
github.com/spf13/pflag v1.0.5 h1:iy+VFUOCP1a+8yFto/drg2CJ5u0yRoB7fZw3DKv/JXA=
github.com/spf13/pflag v1.0.5/go.mod h1:McXfInJRrz4CZXVZOBLb0bTZqETkiAhM9Iw0y3An2Bg=
github.com/stretchr/testify v1.10.0 h1:Xv5erBjTwe/5IxqUQTdXv5kgmIvbHo3QQyRwhJsOfJA=
github.com/stretchr/testify v1.10.0/go.mod h1:r2ic/lqez/lEtzL7wO/rwa5dbSLXVDPFyf8C91i36aY=
github.com/t3rm1n4l/go-mega v0.0.0-20241213151442-a19cff0ec7b5 h1:Sa+sR8aaAMFwxhXWENEnE6ZpqhZ9d7u1RT2722Rw6hc=
github.com/t3rm1n4l/go-mega v0.0.0-20241213151442-a19cff0ec7b5/go.mod h1:UdZiFUFu6e2WjjtjxivwXWcwc1N/8zgbkBR9QNucUOY=
github.com/tklauser/go-sysconf v0.3.13 h1:GBUpcahXSpR2xN01jhkNAbTLRk2Yzgggk8IM08lq3r4=
github.com/tklauser/go-sysconf v0.3.13/go.mod h1:zwleP4Q4OehZHGn4CYZDipCgg9usW5IJePewFCGVEa0=
github.com/tklauser/numcpus v0.7.0 h1:yjuerZP127QG9m5Zh/mSO4wqurYil27tHrqwRoRjpr4=
github.com/tklauser/numcpus v0.7.0/go.mod h1:bb6dMVcj8A42tSE7i32fsIUCbQNllK5iDguyOZRUzAY=
github.com/unknwon/goconfig v1.0.0 h1:rS7O+CmUdli1T+oDm7fYj1MwqNWtEJfNj+FqcUHML8U=
github.com/unknwon/goconfig v1.0.0/go.mod h1:qu2ZQ/wcC/if2u32263HTVC39PeOQRSmidQk3DuDFQ8=
github.com/willscott/go-nfs v0.0.3-0.20240425122109-91bc38957cc9 h1:IGSoH2aBagQ9VI8ZwbjHYIslta5vXfczegV1B4y9KqY=
github.com/willscott/go-nfs v0.0.3-0.20240425122109-91bc38957cc9/go.mod h1:Ql2ebUpEFm/a1CAY884di2XZkdcddfHZ6ONrAlhFev0=
github.com/willscott/go-nfs-client v0.0.0-20240104095149-b44639837b00 h1:U0DnHRZFzoIV1oFEZczg5XyPut9yxk9jjtax/9Bxr/o=
github.com/willscott/go-nfs-client v0.0.0-20240104095149-b44639837b00/go.mod h1:Tq++Lr/FgiS3X48q5FETemXiSLGuYMQT2sPjYNPJSwA=
github.com/winfsp/cgofuse v1.5.1-0.20221118130120-84c0898ad2e0 h1:j3un8DqYvvAOqKI5OPz+/RRVhDFipbPKI4t2Uk5RBJw=
github.com/winfsp/cgofuse v1.5.1-0.20221118130120-84c0898ad2e0/go.mod h1:uxjoF2jEYT3+x+vC2KJddEGdk/LU8pRowXmyVMHSV5I=
github.com/xanzy/ssh-agent v0.3.3 h1:+/15pJfg/RsTxqYcX6fHqOXZwwMP+2VyYWJeWM2qQFM=
github.com/xanzy/ssh-agent v0.3.3/go.mod h1:6dzNDKs0J9rVPHPhaGCukekBHKqfl+L3KghI1Bc68Uw=
github.com/youmark/pkcs8 v0.0.0-20240726163527-a2c0da244d78 h1:ilQV1hzziu+LLM3zUTJ0trRztfwgjqKnBWNtSRkbmwM=
github.com/youmark/pkcs8 v0.0.0-20240726163527-a2c0da244d78/go.mod h1:aL8wCCfTfSfmXjznFBSZNN13rSJjlIOI1fUNAtF7rmI=
github.com/yunify/qingstor-sdk-go/v3 v3.2.0 h1:9sB2WZMgjwSUNZhrgvaNGazVltoFUUfuS9f0uCWtTr8=
github.com/yunify/qingstor-sdk-go/v3 v3.2.0/go.mod h1:KciFNuMu6F4WLk9nGwwK69sCGKLCdd9f97ac/wfumS4=
github.com/yusufpapurcu/wmi v1.2.4 h1:zFUKzehAFReQwLys1b/iSMl+JQGSCSjtVqQn9bBrPo0=
github.com/yusufpapurcu/wmi v1.2.4/go.mod h1:SBZ9tNy3G9/m5Oi98Zks0QjeHVDvuK0qfxQmPyzfmi0=
github.com/zeebo/blake3 v0.2.4 h1:KYQPkhpRtcqh0ssGYcKLG1JYvddkEA8QwCM/yBqhaZI=
github.com/zeebo/blake3 v0.2.4/go.mod h1:7eeQ6d2iXWRGF6npfaxl2CU+xy2Fjo2gxeyZGCRUjcE=
github.com/zeebo/errs v1.3.0 h1:hmiaKqgYZzcVgRL1Vkc1Mn2914BbzB0IBxs+ebeutGs=
github.com/zeebo/errs v1.3.0/go.mod h1:sgbWHsvVuTPHcqJJGQ1WhI5KbWlHYz+2+2C/LSEtCw4=
go.etcd.io/bbolt v1.3.11 h1:yGEzV1wPz2yVCLsD8ZAiGHhHVlczyC9d1rP43/VCRJ0=
go.etcd.io/bbolt v1.3.11/go.mod h1:dksAq7YMXoljX0xu6VF5DMZGbhYYoLUalEiSySYAS4I=
go.opentelemetry.io/contrib/instrumentation/net/http/otelhttp v0.54.0 h1:TT4fX+nBOA/+LUkobKGW1ydGcn+G3vRw9+g5HwCphpk=
go.opentelemetry.io/contrib/instrumentation/net/http/otelhttp v0.54.0/go.mod h1:L7UH0GbB0p47T4Rri3uHjbpCFYrVrwc1I25QhNPiGK8=
go.opentelemetry.io/otel v1.31.0 h1:NsJcKPIW0D0H3NgzPDHmo0WW6SptzPdqg/L1zsIm2hY=
go.opentelemetry.io/otel v1.31.0/go.mod h1:O0C14Yl9FgkjqcCZAsE053C13OaddMYr/hz6clDkEJE=
go.opentelemetry.io/otel/metric v1.31.0 h1:FSErL0ATQAmYHUIzSezZibnyVlft1ybhy4ozRPcF2fE=
go.opentelemetry.io/otel/metric v1.31.0/go.mod h1:C3dEloVbLuYoX41KpmAhOqNriGbA+qqH6PQ5E5mUfnY=
go.opentelemetry.io/otel/trace v1.31.0 h1:ffjsj1aRouKewfr85U2aGagJ46+MvodynlQ1HYdmJys=
go.opentelemetry.io/otel/trace v1.31.0/go.mod h1:TXZkRk7SM2ZQLtR6eoAWQFIHPvzQ06FJAsO1tJg480A=
goftp.io/server/v2 v2.0.1 h1:H+9UbCX2N206ePDSVNCjBftOKOgil6kQ5RAQNx5hJwE=
goftp.io/server/v2 v2.0.1/go.mod h1:7+H/EIq7tXdfo1Muu5p+l3oQ6rYkDZ8lY7IM5d5kVdQ=
golang.org/x/crypto v0.32.0 h1:euUpcYgM8WcP71gNpTqQCn6rC2t6ULUPiOzfWaXVVfc=
golang.org/x/crypto v0.32.0/go.mod h1:ZnnJkOaASj8g0AjIduWNlq2NRxL0PlBrbKVyZ6V/Ugc=
golang.org/x/exp v0.0.0-20240719175910-8a7402abbf56 h1:2dVuKD2vS7b0QIHQbpyTISPd0LeHDbnYEryqj5Q1ug8=
golang.org/x/exp v0.0.0-20240719175910-8a7402abbf56/go.mod h1:M4RDyNAINzryxdtnbRXRL/OHtkFuWGRjvuhBJpk2IlY=
golang.org/x/mobile v0.0.0-20250106192035-c31d5b91ecc3/go.mod h1:sY92m3V/rTEa4JCJ1FkKHK978K6wxOSX1PStMYo+6wI=
golang.org/x/mod v0.22.0 h1:D4nJWe9zXqHOmWqj4VMOJhvzj7bEZg4wEYa759z1pH4=
golang.org/x/mod v0.22.0/go.mod h1:6SkKJ3Xj0I0BrPOZoBy3bdMptDDU9oJrpohJ3eWZ1fY=
golang.org/x/net v0.34.0 h1:Mb7Mrk043xzHgnRM88suvJFwzVrRfHEHJEl5/71CKw0=
golang.org/x/net v0.34.0/go.mod h1:di0qlW3YNM5oh6GqDGQr92MyTozJPmybPK4Ev/Gm31k=
golang.org/x/oauth2 v0.25.0 h1:CY4y7XT9v0cRI9oupztF8AgiIu99L/ksR/Xp/6jrZ70=
golang.org/x/oauth2 v0.25.0/go.mod h1:XYTD2NtWslqkgxebSiOHnXEap4TF09sJSc7H1sXbhtI=
golang.org/x/sync v0.10.0 h1:3NQrjDixjgGwUOCaF8w2+VYHv0Ve/vGYSbdkTa98gmQ=
golang.org/x/sync v0.10.0/go.mod h1:Czt+wKu1gCyEFDUtn0jG5QVvpJ6rzVqr5aXyt9drQfk=
golang.org/x/sys v0.29.0 h1:TPYlXGxvx1MGTn2GiZDhnjPA9wZzZeGKHHmKhHYvgaU=
golang.org/x/sys v0.29.0/go.mod h1:/VUhepiaJMQUp4+oa/7Zr1D23ma6VTLIYjOOTFZPUcA=
golang.org/x/term v0.28.0 h1:/Ts8HFuMR2E6IP/jlo7QVLZHggjKQbhu/7H0LJFr3Gg=
golang.org/x/term v0.28.0/go.mod h1:Sw/lC2IAUZ92udQNf3WodGtn4k/XoLyZoh8v/8uiwek=
golang.org/x/text v0.21.0 h1:zyQAAkrwaneQ066sspRyJaG9VNi/YJ1NfzcGB3hZ/qo=
golang.org/x/text v0.21.0/go.mod h1:4IBbMaMmOPCJ8SecivzSH54+73PCFmPWxNTLm+vZkEQ=
golang.org/x/time v0.9.0 h1:EsRrnYcQiGH+5FfbgvV4AP7qEZstoyrHB0DzarOQ4ZY=
golang.org/x/time v0.9.0/go.mod h1:3BpzKBy/shNhVucY/MWOyx10tF3SFh9QdLuxbVysPQM=
golang.org/x/tools v0.29.0 h1:Xx0h3TtM9rzQpQuR4dKLrdglAmCEN5Oi+P74JdhdzXE=
golang.org/x/tools v0.29.0/go.mod h1:KMQVMRsVxU6nHCFXrBPhDB8XncLNLM0lIy/F14RP588=
google.golang.org/api v0.216.0 h1:xnEHy+xWFrtYInWPy8OdGFsyIfWJjtVnO39g7pz2BFY=
google.golang.org/api v0.216.0/go.mod h1:K9wzQMvWi47Z9IU7OgdOofvZuw75Ge3PPITImZR/UyI=
google.golang.org/genproto/googleapis/rpc v0.0.0-20250102185135-69823020774d h1:xJJRGY7TJcvIlpSrN3K6LAWgNFUILlO+OMAqtg9aqnw=
google.golang.org/genproto/googleapis/rpc v0.0.0-20250102185135-69823020774d/go.mod h1:3ENsm/5D1mzDyhpzeRi1NR784I0BcofWBoSc5QqqMK4=
google.golang.org/grpc v1.69.2 h1:U3S9QEtbXC0bYNvRtcoklF3xGtLViumSYxWykJS+7AU=
google.golang.org/grpc v1.69.2/go.mod h1:vyjdE6jLBI76dgpDojsFGNaHlxdjXN9ghpnd2o7JGZ4=
google.golang.org/protobuf v1.36.1 h1:yBPeRvTftaleIgM3PZ/WBIZ7XM/eEYAaEyCwvyjq/gk=
google.golang.org/protobuf v1.36.1/go.mod h1:9fA7Ob0pmnwhb644+1+CVWFRbNajQ6iRojtC/QF5bRE=
gopkg.in/validator.v2 v2.0.1 h1:xF0KWyGWXm/LM2G1TrEjqOu4pa6coO9AlWSf3msVfDY=
gopkg.in/validator.v2 v2.0.1/go.mod h1:lIUZBlB3Im4s/eYp39Ry/wkR02yOPhZ9IwIRBjuPuG8=
gopkg.in/yaml.v2 v2.4.0 h1:D8xgwECY7CYvx+Y2n4sBz93Jn9JRvxdiyyo8CTfuKaY=
gopkg.in/yaml.v2 v2.4.0/go.mod h1:RDklbk79AGWmwhnvt/jBztapEOGDOx6ZbXqjP6csGnQ=
gopkg.in/yaml.v3 v3.0.1 h1:fxVm/GzAzEWqLHuvctI91KS9hhNmmWOoWu0XTYJS7CA=
gopkg.in/yaml.v3 v3.0.1/go.mod h1:K4uyk7z7BCEPqu6E+C64Yfv1cQ7kz7rIZviUmN+EgEM=
moul.io/http2curl/v2 v2.3.0 h1:9r3JfDzWPcbIklMOs2TnIFzDYvfAZvjeavG6EzP7jYs=
moul.io/http2curl/v2 v2.3.0/go.mod h1:RW4hyBjTWSYDOxapodpNEtX0g5Eb16sxklBqmd2RHcE=
storj.io/common v0.0.0-20240812101423-26b53789c348 h1:Urs3fX+1Fyb+CFKGw0mCJV3MPR499WM+Vs6osw4Rqtk=
storj.io/common v0.0.0-20240812101423-26b53789c348/go.mod h1:XMpwKxc04HCBl4H5IFCGv1ca5Dm0tvH4NL7Jx+JhxuA=
storj.io/drpc v0.0.35-0.20240709171858-0075ac871661 h1:hLvEV2RMTscX3JHPd+LSQCeTt8i1Q0Yt7U2EdfyMnaQ=
storj.io/drpc v0.0.35-0.20240709171858-0075ac871661/go.mod h1:Y9LZaa8esL1PW2IDMqJE7CFSNq7d5bQ3RI7mGPtmKMg=
storj.io/eventkit v0.0.0-20240415002644-1d9596fee086 h1:TkytkGUI6zGtH5Qx/O0VxQCcYJqOOiwRq0oMi4uM5Tg=
storj.io/eventkit v0.0.0-20240415002644-1d9596fee086/go.mod h1:S6p41RzIBKoeGAdrziksWkiijnZXql9YcNsc23t0u+8=
storj.io/infectious v0.0.2 h1:rGIdDC/6gNYAStsxsZU79D/MqFjNyJc1tsyyj9sTl7Q=
storj.io/infectious v0.0.2/go.mod h1:QEjKKww28Sjl1x8iDsjBpOM4r1Yp8RsowNcItsZJ1Vs=
storj.io/picobuf v0.0.3 h1:xAUPB5ZUGfxkqd3bnw3zp01kkWb9wlhg4vtZWUs2S9A=
storj.io/picobuf v0.0.3/go.mod h1:4V4xelV1RSCck5GgmkL/Txw9l6IfX3XcBzegmL5Kudo=
storj.io/uplink v1.13.1 h1:C8RdW/upALoCyuF16Lod9XGCXEdbJAS+ABQy9JO/0pA=
storj.io/uplink v1.13.1/go.mod h1:x0MQr4UfFsQBwgVWZAtEsLpuwAn6dg7G0Mpne1r516E=
