# This file is autogenerated, do not edit; changes may be undone by the next 'dep ensure'.


[[projects]]
  branch = "master"
  name = "bazil.org/fuse"
  packages = [
    ".",
    "fs",
    "fuseutil"
  ]
  revision = "371fbbdaa8987b715bdd21d6adc4c9b20155f748"

[[projects]]
  name = "cloud.google.com/go"
  packages = ["compute/metadata"]
  revision = "050b16d2314d5fc3d4c9a51e4cd5c7468e77f162"
  version = "v0.17.0"

[[projects]]
  name = "github.com/Azure/azure-sdk-for-go"
  packages = ["storage"]
  revision = "eae258195456be76b2ec9ad2ee2ab63cdda365d9"
  version = "v12.2.0-beta"

[[projects]]
  name = "github.com/Azure/go-autorest"
  packages = [
    "autorest",
    "autorest/adal",
    "autorest/azure",
    "autorest/date"
  ]
  revision = "6311d7a76f54cf2b6dea03d737d9bd9a6022ac5f"
  version = "v9.7.1"

[[projects]]
  branch = "master"
  name = "github.com/Unknwon/goconfig"
  packages = ["."]
  revision = "87a46d97951ee1ea20ed3b24c25646a79e87ba5d"

[[projects]]
  branch = "master"
  name = "github.com/VividCortex/ewma"
  packages = ["."]
  revision = "43880d236f695d39c62cf7aa4ebd4508c258e6c0"

[[projects]]
  branch = "master"
  name = "github.com/a8m/tree"
  packages = ["."]
  revision = "cf42b1e486f0b025942a768a9ad59c9939d6ca40"

[[projects]]
  branch = "master"
  name = "github.com/aws/aws-sdk-go"
  packages = [
    "aws",
    "aws/awserr",
    "aws/awsutil",
    "aws/client",
    "aws/client/metadata",
    "aws/corehandlers",
    "aws/credentials",
    "aws/credentials/ec2rolecreds",
    "aws/credentials/endpointcreds",
    "aws/credentials/stscreds",
    "aws/defaults",
    "aws/ec2metadata",
    "aws/endpoints",
    "aws/request",
    "aws/session",
    "aws/signer/v4",
    "internal/shareddefaults",
    "private/protocol",
    "private/protocol/query",
    "private/protocol/query/queryutil",
    "private/protocol/rest",
    "private/protocol/restxml",
    "private/protocol/xml/xmlutil",
    "service/s3",
    "service/s3/s3iface",
    "service/s3/s3manager",
    "service/sts"
  ]
  revision = "2fe57096de348e6cff4031af99254613f8ef73ea"

[[projects]]
  name = "github.com/billziss-gh/cgofuse"
  packages = ["fuse"]
  revision = "487e2baa5611bab252a906d7f9b869f944607305"
  version = "v1.0.4"

[[projects]]
  branch = "master"
  name = "github.com/coreos/bbolt"
  packages = ["."]
  revision = "ee30b748bcfbd74ec1d8439ae8fd4f9123a5c94e"

[[projects]]
  name = "github.com/cpuguy83/go-md2man"
  packages = ["md2man"]
  revision = "1d903dcb749992f3741d744c0f8376b4bd7eb3e1"
  version = "v1.0.7"

[[projects]]
  name = "github.com/davecgh/go-spew"
  packages = ["spew"]
  revision = "346938d642f2ec3594ed81d874461961cd0faa76"
  version = "v1.1.0"

[[projects]]
  name = "github.com/dgrijalva/jwt-go"
  packages = ["."]
  revision = "dbeaa9332f19a944acb5736b4456cfcc02140e29"
  version = "v3.1.0"

[[projects]]
  name = "github.com/djherbis/times"
  packages = ["."]
  revision = "95292e44976d1217cf3611dc7c8d9466877d3ed5"
  version = "v1.0.1"

[[projects]]
  branch = "master"
  name = "github.com/dropbox/dropbox-sdk-go-unofficial"
  packages = [
    "dropbox",
    "dropbox/async",
    "dropbox/file_properties",
    "dropbox/files"
  ]
  revision = "9c27e83ceccc8f8bbc9afdc17c50798529d608b1"

[[projects]]
  name = "github.com/go-ini/ini"
  packages = ["."]
  revision = "32e4c1e6bc4e7d0d8451aa6b75200d19e37a536a"
  version = "v1.32.0"

[[projects]]
  branch = "master"
  name = "github.com/golang/protobuf"
  packages = ["proto"]
  revision = "1e59b77b52bf8e4b449a57e6f79f21226d571845"

[[projects]]
  branch = "master"
  name = "github.com/google/go-querystring"
  packages = ["query"]
  revision = "53e6ce116135b80d037921a7fdd5138cf32d7a8a"

[[projects]]
  name = "github.com/inconshreveable/mousetrap"
  packages = ["."]
  revision = "76626ae9c91c4f2a10f34cad8ce83ea42c93bb75"
  version = "v1.0"

[[projects]]
  branch = "master"
  name = "github.com/jlaffaye/ftp"
  packages = ["."]
  revision = "427467931c6fbc25acba4537c9d3cbc40cfa569b"

[[projects]]
  name = "github.com/jmespath/go-jmespath"
  packages = ["."]
  revision = "0b12d6b5"

[[projects]]
  branch = "master"
  name = "github.com/kr/fs"
  packages = ["."]
  revision = "2788f0dbd16903de03cb8186e5c7d97b69ad387b"

[[projects]]
  name = "github.com/marstr/guid"
  packages = ["."]
  revision = "8bdf7d1a087ccc975cf37dd6507da50698fd19ca"

[[projects]]
  name = "github.com/mattn/go-runewidth"
  packages = ["."]
  revision = "9e777a8366cce605130a531d2cd6363d07ad7317"
  version = "v0.0.2"

[[projects]]
  branch = "master"
  name = "github.com/ncw/go-acd"
  packages = ["."]
  revision = "887eb06ab6a255fbf5744b5812788e884078620a"

[[projects]]
  branch = "master"
  name = "github.com/ncw/swift"
  packages = ["."]
  revision = "ae9f0ea1605b9aa6434ed5c731ca35d83ba67c55"

[[projects]]
  branch = "master"
  name = "github.com/nsf/termbox-go"
  packages = ["."]
  revision = "8c5e0793e04afcda7fe23d0751791e7321df4265"

[[projects]]
  branch = "master"
  name = "github.com/okzk/sdnotify"
  packages = ["."]
  revision = "ed8ca104421a21947710335006107540e3ecb335"

[[projects]]
  name = "github.com/patrickmn/go-cache"
  packages = ["."]
  revision = "a3647f8e31d79543b2d0f0ae2fe5c379d72cedc0"
  version = "v2.1.0"

[[projects]]
  name = "github.com/pengsrc/go-shared"
  packages = [
    "buffer",
    "check",
    "convert",
    "log",
    "reopen"
  ]
  revision = "b98065a377794d577e2a0e32869378b9ce4b8952"
  version = "v0.1.1"

[[projects]]
  branch = "master"
  name = "github.com/pkg/errors"
  packages = ["."]
  revision = "e881fd58d78e04cf6d0de1217f8707c8cc2249bc"

[[projects]]
  branch = "master"
  name = "github.com/pkg/sftp"
  packages = ["."]
  revision = "72ec6e85598d2480c30f633c154b07b6c112eade"

[[projects]]
  name = "github.com/pmezard/go-difflib"
  packages = ["difflib"]
  revision = "792786c7400a136282c1664665ae0a8db921c6c2"
  version = "v1.0.0"

[[projects]]
  branch = "master"
  name = "github.com/rfjakob/eme"
  packages = ["."]
  revision = "2222dbd4ba467ab3fc7e8af41562fcfe69c0d770"

[[projects]]
  name = "github.com/russross/blackfriday"
  packages = ["."]
  revision = "4048872b16cc0fc2c5fd9eacf0ed2c2fedaa0c8c"
  version = "v1.5"

[[projects]]
  name = "github.com/satori/go.uuid"
  packages = ["."]
  revision = "f58768cc1a7a7e77a3bd49e98cdd21419399b6a3"
  version = "v1.2.0"

[[projects]]
  branch = "master"
  name = "github.com/skratchdot/open-golang"
  packages = ["open"]
  revision = "75fb7ed4208cf72d323d7d02fd1a5964a7a9073c"

[[projects]]
  branch = "master"
  name = "github.com/spf13/cobra"
  packages = [
    ".",
    "doc"
  ]
  revision = "0c34d16c3123764e413b9ed982ada58b1c3d53ea"

[[projects]]
  branch = "master"
  name = "github.com/spf13/pflag"
  packages = ["."]
  revision = "4c012f6dcd9546820e378d0bdda4d8fc772cdfea"

[[projects]]
  branch = "master"
  name = "github.com/stretchr/testify"
  packages = [
    "assert",
    "require"
  ]
  revision = "87b1dfb5b2fa649f52695dd9eae19abe404a4308"

[[projects]]
  branch = "master"
  name = "github.com/xanzy/ssh-agent"
  packages = ["."]
  revision = "ba9c9e33906f58169366275e3450db66139a31a9"

[[projects]]
  name = "github.com/yunify/qingstor-sdk-go"
  packages = [
    ".",
    "config",
    "logger",
    "request",
    "request/builder",
    "request/data",
    "request/errors",
    "request/signer",
    "request/unpacker",
    "service",
    "utils"
  ]
  revision = "51fa3b6bb3c24f4d646eefff251cd2e6ba716600"
  version = "v2.2.9"

[[projects]]
  branch = "master"
  name = "golang.org/x/crypto"
  packages = [
    "curve25519",
    "ed25519",
    "ed25519/internal/edwards25519",
    "nacl/secretbox",
    "pbkdf2",
    "poly1305",
    "salsa20/salsa",
    "scrypt",
    "ssh",
    "ssh/agent",
    "ssh/terminal"
  ]
  revision = "13931e22f9e72ea58bb73048bc752b48c6d4d4ac"

[[projects]]
  branch = "master"
  name = "golang.org/x/net"
  packages = [
    "context",
    "context/ctxhttp",
    "html",
    "html/atom",
    "webdav",
    "webdav/internal/xml"
  ]
  revision = "5ccada7d0a7ba9aeb5d3aca8d3501b4c2a509fec"

[[projects]]
  branch = "master"
  name = "golang.org/x/oauth2"
  packages = [
    ".",
    "google",
    "internal",
    "jws",
    "jwt"
  ]
  revision = "30785a2c434e431ef7c507b54617d6a951d5f2b4"

[[projects]]
  branch = "master"
  name = "golang.org/x/sys"
  packages = [
    "unix",
    "windows"
  ]
  revision = "fff93fa7cd278d84afc205751523809c464168ab"

[[projects]]
  branch = "master"
  name = "golang.org/x/text"
  packages = [
    "internal/gen",
    "internal/triegen",
    "internal/ucd",
    "transform",
    "unicode/cldr",
    "unicode/norm"
  ]
  revision = "e19ae1496984b1c655b8044a65c0300a3c878dd3"

[[projects]]
  branch = "master"
  name = "golang.org/x/time"
  packages = ["rate"]
  revision = "6dc17368e09b0e8634d71cac8168d853e869a0c7"

[[projects]]
  branch = "master"
  name = "google.golang.org/api"
  packages = [
    "drive/v3",
    "gensupport",
    "googleapi",
    "googleapi/internal/uritemplates",
    "storage/v1"
  ]
  revision = "de3aa2cfa7f1c18dcb7f91738099bad280117b8e"

[[projects]]
  name = "google.golang.org/appengine"
  packages = [
    ".",
    "internal",
    "internal/app_identity",
    "internal/base",
    "internal/datastore",
    "internal/log",
    "internal/modules",
    "internal/remote_api",
    "internal/urlfetch",
    "log",
    "urlfetch"
  ]
  revision = "150dc57a1b433e64154302bdc40b6bb8aefa313a"
  version = "v1.0.0"

[[projects]]
  branch = "v2"
  name = "gopkg.in/yaml.v2"
  packages = ["."]
  revision = "d670f9405373e636a5a2765eea47fac0c9bc91a4"

[solve-meta]
  analyzer-name = "dep"
  analyzer-version = 1
  inputs-digest = "ad6c96ca62ee6a305b6083c53f2f4939d8ae22ee6163ad84b1f09d8fcbcd1ff7"
  solver-name = "gps-cdcl"
  solver-version = 1
