# This file is autogenerated, do not edit; changes may be undone by the next 'dep ensure'.


[[projects]]
  branch = "master"
  name = "bazil.org/fuse"
  packages = [".","fs","fuseutil"]
  revision = "371fbbdaa8987b715bdd21d6adc4c9b20155f748"

[[projects]]
  name = "cloud.google.com/go"
  packages = ["compute/metadata"]
  revision = "f6de2c509ed9d2af648c3c147207eaaf97149aed"
  version = "v0.14.0"

[[projects]]
  name = "github.com/Azure/azure-sdk-for-go"
  packages = ["storage"]
  revision = "2592daf71ab6b95dcfc7f7437ecc1afb9ddb7360"
  version = "v11.0.0-beta"

[[projects]]
  name = "github.com/Azure/go-autorest"
  packages = ["autorest","autorest/adal","autorest/azure","autorest/date"]
  revision = "f6be1abbb5abd0517522f850dd785990d373da7e"
  version = "v8.4.0"

[[projects]]
  branch = "master"
  name = "github.com/Unknwon/goconfig"
  packages = ["."]
  revision = "87a46d97951ee1ea20ed3b24c25646a79e87ba5d"

[[projects]]
  branch = "master"
  name = "github.com/VividCortex/ewma"
  packages = ["."]
  revision = "43880d236f695d39c62cf7aa4ebd4508c258e6c0"

[[projects]]
  branch = "master"
  name = "github.com/a8m/tree"
  packages = ["."]
  revision = "5554ed4554293f11a726accc1ebf2bd3342742f8"

[[projects]]
  branch = "master"
  name = "github.com/aws/aws-sdk-go"
  packages = ["aws","aws/awserr","aws/awsutil","aws/client","aws/client/metadata","aws/corehandlers","aws/credentials","aws/credentials/ec2rolecreds","aws/credentials/endpointcreds","aws/credentials/stscreds","aws/defaults","aws/ec2metadata","aws/endpoints","aws/request","aws/session","aws/signer/v4","internal/shareddefaults","private/protocol","private/protocol/query","private/protocol/query/queryutil","private/protocol/rest","private/protocol/restxml","private/protocol/xml/xmlutil","service/s3","service/s3/s3iface","service/s3/s3manager","service/sts"]
  revision = "5a2026bfb28e86839f9fcc46523850319399006c"

[[projects]]
  name = "github.com/billziss-gh/cgofuse"
  packages = ["fuse"]
  revision = "3a24389863c5bf906de391226ee8c4ec2c925bfe"
  version = "v1.0.3"

[[projects]]
  branch = "master"
  name = "github.com/coreos/bbolt"
  packages = ["."]
  revision = "a148de800f91fe6cbd8b2a472bbfdc09c4b6568f"

[[projects]]
  name = "github.com/cpuguy83/go-md2man"
  packages = ["md2man"]
  revision = "1d903dcb749992f3741d744c0f8376b4bd7eb3e1"
  version = "v1.0.7"

[[projects]]
  name = "github.com/davecgh/go-spew"
  packages = ["spew"]
  revision = "346938d642f2ec3594ed81d874461961cd0faa76"
  version = "v1.1.0"

[[projects]]
  name = "github.com/dgrijalva/jwt-go"
  packages = ["."]
  revision = "d2709f9f1f31ebcda9651b03077758c1f3a0018c"
  version = "v3.0.0"

[[projects]]
  name = "github.com/djherbis/times"
  packages = ["."]
  revision = "95292e44976d1217cf3611dc7c8d9466877d3ed5"
  version = "v1.0.1"

[[projects]]
  branch = "master"
  name = "github.com/dropbox/dropbox-sdk-go-unofficial"
  packages = ["dropbox","dropbox/async","dropbox/file_properties","dropbox/files"]
  revision = "9befe8c89b6e17667716dedd2f62327bae374bf2"

[[projects]]
  name = "github.com/go-ini/ini"
  packages = ["."]
  revision = "20b96f641a5ea98f2f8619ff4f3e061cff4833bd"
  version = "v1.28.2"

[[projects]]
  branch = "master"
  name = "github.com/golang/protobuf"
  packages = ["proto"]
  revision = "130e6b02ab059e7b717a096f397c5b60111cae74"

[[projects]]
  branch = "master"
  name = "github.com/google/go-querystring"
  packages = ["query"]
  revision = "53e6ce116135b80d037921a7fdd5138cf32d7a8a"

[[projects]]
  name = "github.com/inconshreveable/mousetrap"
  packages = ["."]
  revision = "76626ae9c91c4f2a10f34cad8ce83ea42c93bb75"
  version = "v1.0"

[[projects]]
  branch = "master"
  name = "github.com/jlaffaye/ftp"
  packages = ["."]
  revision = "299b7ff5b6096588cceca2edc1fc9f557002fb85"

[[projects]]
  name = "github.com/jmespath/go-jmespath"
  packages = ["."]
  revision = "0b12d6b5"

[[projects]]
  branch = "master"
  name = "github.com/kr/fs"
  packages = ["."]
  revision = "2788f0dbd16903de03cb8186e5c7d97b69ad387b"

[[projects]]
  name = "github.com/mattn/go-runewidth"
  packages = ["."]
  revision = "9e777a8366cce605130a531d2cd6363d07ad7317"
  version = "v0.0.2"

[[projects]]
  branch = "master"
  name = "github.com/ncw/go-acd"
  packages = ["."]
  revision = "96a49aad3fc3889629f2eceb004927386884bd92"

[[projects]]
  branch = "master"
  name = "github.com/ncw/swift"
  packages = ["."]
  revision = "c95c6e5c2d1a3d37fc44c8c6dc9e231c7500667d"

[[projects]]
  branch = "master"
  name = "github.com/nsf/termbox-go"
  packages = ["."]
  revision = "4ed959e0540971545eddb8c75514973d670cf739"

[[projects]]
  branch = "master"
  name = "github.com/okzk/sdnotify"
  packages = ["."]
  revision = "ed8ca104421a21947710335006107540e3ecb335"

[[projects]]
  branch = "master"
  name = "github.com/patrickmn/go-cache"
  packages = ["."]
  revision = "a3647f8e31d79543b2d0f0ae2fe5c379d72cedc0"

[[projects]]
  name = "github.com/pengsrc/go-shared"
  packages = ["check","convert","json","yaml"]
  revision = "454950d6a0782c34427d4f29b46c6bf447256f20"
  version = "v0.0.8"

[[projects]]
  branch = "master"
  name = "github.com/pkg/errors"
  packages = ["."]
  revision = "2b3a18b5f0fb6b4f9190549597d3f962c02bc5eb"

[[projects]]
  branch = "master"
  name = "github.com/pkg/sftp"
  packages = ["."]
  revision = "7c1f7a370726a2457b33b29baefc2402b4965c65"

[[projects]]
  name = "github.com/pmezard/go-difflib"
  packages = ["difflib"]
  revision = "792786c7400a136282c1664665ae0a8db921c6c2"
  version = "v1.0.0"

[[projects]]
  branch = "master"
  name = "github.com/rfjakob/eme"
  packages = ["."]
  revision = "7c8316a9cb0a6af865265f899f5de6aadb31a24b"

[[projects]]
  name = "github.com/russross/blackfriday"
  packages = ["."]
  revision = "4048872b16cc0fc2c5fd9eacf0ed2c2fedaa0c8c"
  version = "v1.5"

[[projects]]
  name = "github.com/satori/uuid"
  packages = ["."]
  revision = "879c5887cd475cd7864858769793b2ceb0d44feb"
  version = "v1.1.0"

[[projects]]
  name = "github.com/sirupsen/logrus"
  packages = ["."]
  revision = "f006c2ac4710855cf0f916dd6b77acf6b048dc6e"
  version = "v1.0.3"

[[projects]]
  branch = "master"
  name = "github.com/skratchdot/open-golang"
  packages = ["open"]
  revision = "75fb7ed4208cf72d323d7d02fd1a5964a7a9073c"

[[projects]]
  branch = "master"
  name = "github.com/spf13/cobra"
  packages = [".","doc"]
  revision = "e5f66de850af3302fbe378c8acded2b0fa55472c"

[[projects]]
  branch = "master"
  name = "github.com/spf13/pflag"
  packages = ["."]
  revision = "7aff26db30c1be810f9de5038ec5ef96ac41fd7c"

[[projects]]
  branch = "master"
  name = "github.com/stretchr/testify"
  packages = ["assert","require"]
  revision = "890a5c3458b43e6104ff5da8dfa139d013d77544"

[[projects]]
  branch = "master"
  name = "github.com/xanzy/ssh-agent"
  packages = ["."]
  revision = "ba9c9e33906f58169366275e3450db66139a31a9"

[[projects]]
  branch = "master"
  name = "github.com/yunify/qingstor-sdk-go"
  packages = [".","config","logger","request","request/builder","request/data","request/errors","request/signer","request/unpacker","service","utils"]
  revision = "088fbd27bd49adf215d02a05c36c5ac2d243d1f1"

[[projects]]
  branch = "master"
  name = "golang.org/x/crypto"
  packages = ["curve25519","ed25519","ed25519/internal/edwards25519","nacl/secretbox","pbkdf2","poly1305","salsa20/salsa","scrypt","ssh","ssh/agent","ssh/terminal"]
  revision = "76eec36fa14229c4b25bb894c2d0e591527af429"

[[projects]]
  branch = "master"
  name = "golang.org/x/net"
  packages = ["context","context/ctxhttp","html","html/atom","webdav","webdav/internal/xml"]
  revision = "0a9397675ba34b2845f758fe3cd68828369c6517"

[[projects]]
  branch = "master"
  name = "golang.org/x/oauth2"
  packages = [".","google","internal","jws","jwt"]
  revision = "bb50c06baba3d0c76f9d125c0719093e315b5b44"

[[projects]]
  branch = "master"
  name = "golang.org/x/sys"
  packages = ["unix","windows"]
  revision = "314a259e304ff91bd6985da2a7149bbf91237993"

[[projects]]
  branch = "master"
  name = "golang.org/x/text"
  packages = ["internal/gen","internal/triegen","internal/ucd","transform","unicode/cldr","unicode/norm"]
  revision = "1cbadb444a806fd9430d14ad08967ed91da4fa0a"

[[projects]]
  branch = "master"
  name = "golang.org/x/time"
  packages = ["rate"]
  revision = "6dc17368e09b0e8634d71cac8168d853e869a0c7"

[[projects]]
  branch = "master"
  name = "google.golang.org/api"
  packages = ["drive/v2","gensupport","googleapi","googleapi/internal/uritemplates","storage/v1"]
  revision = "906273f42cdebd65de3a53f30dd9e23de1b55ba9"

[[projects]]
  name = "google.golang.org/appengine"
  packages = [".","internal","internal/app_identity","internal/base","internal/datastore","internal/log","internal/modules","internal/remote_api","internal/urlfetch","log","urlfetch"]
  revision = "150dc57a1b433e64154302bdc40b6bb8aefa313a"
  version = "v1.0.0"

[[projects]]
  branch = "v2"
  name = "gopkg.in/yaml.v2"
  packages = ["."]
  revision = "eb3733d160e74a9c7e442f435eb3bea458e1d19f"

[solve-meta]
  analyzer-name = "dep"
  analyzer-version = 1
  inputs-digest = "4dfe75b3ebfff3e7b40e2983d8c014f9e4d98fed08c3fe454f1dc890589e6960"
  solver-name = "gps-cdcl"
  solver-version = 1
